// !$*UTF8*$!
{
	archiveVersion = 1;
	classes = {
	};
	objectVersion = 46;
	objects = {

/* Begin PBXBuildFile section */
		5BBA17876675013527507B0C /* Pods_Pokedex.framework in Frameworks */ = {isa = PBXBuildFile; fileRef = A7C5D2656CA3AEC6A7620C99 /* Pods_Pokedex.framework */; };
		9019F2BA1EF709D800EB7C14 /* PokemonDetailVC.swift in Sources */ = {isa = PBXBuildFile; fileRef = 9019F2B91EF709D800EB7C14 /* PokemonDetailVC.swift */; };
		9019F2BC1EF71B2000EB7C14 /* PokeSegmenteControl.swift in Sources */ = {isa = PBXBuildFile; fileRef = 9019F2BB1EF71B2000EB7C14 /* PokeSegmenteControl.swift */; };
		90388DC51F67155400E3B5D9 /* Constants.swift in Sources */ = {isa = PBXBuildFile; fileRef = 90388DC41F67155400E3B5D9 /* Constants.swift */; };
		908903B11EF60F9B0058F2FC /* AppDelegate.swift in Sources */ = {isa = PBXBuildFile; fileRef = 908903B01EF60F9B0058F2FC /* AppDelegate.swift */; };
		908903B31EF60F9B0058F2FC /* PokemonVC.swift in Sources */ = {isa = PBXBuildFile; fileRef = 908903B21EF60F9B0058F2FC /* PokemonVC.swift */; };
		908903B61EF60F9B0058F2FC /* Main.storyboard in Resources */ = {isa = PBXBuildFile; fileRef = 908903B41EF60F9B0058F2FC /* Main.storyboard */; };
		908903B91EF60F9B0058F2FC /* Pokedex.xcdatamodeld in Sources */ = {isa = PBXBuildFile; fileRef = 908903B71EF60F9B0058F2FC /* Pokedex.xcdatamodeld */; };
		908903BB1EF60F9B0058F2FC /* Assets.xcassets in Resources */ = {isa = PBXBuildFile; fileRef = 908903BA1EF60F9B0058F2FC /* Assets.xcassets */; };
		908903BE1EF60F9B0058F2FC /* LaunchScreen.storyboard in Resources */ = {isa = PBXBuildFile; fileRef = 908903BC1EF60F9B0058F2FC /* LaunchScreen.storyboard */; };
		908903C91EF615E30058F2FC /* Pokemon.swift in Sources */ = {isa = PBXBuildFile; fileRef = 908903C81EF615E30058F2FC /* Pokemon.swift */; };
		908903CB1EF61CB70058F2FC /* PokemonCell.swift in Sources */ = {isa = PBXBuildFile; fileRef = 908903CA1EF61CB70058F2FC /* PokemonCell.swift */; };
		908903CD1EF623F10058F2FC /* pokemon.csv in Resources */ = {isa = PBXBuildFile; fileRef = 908903CC1EF623F10058F2FC /* pokemon.csv */; };
		908903D01EF624840058F2FC /* csv.swift in Sources */ = {isa = PBXBuildFile; fileRef = 908903CF1EF624840058F2FC /* csv.swift */; };
		908903D31EF62F3D0058F2FC /* pokemon.ttf in Resources */ = {isa = PBXBuildFile; fileRef = 908903D21EF62F3D0058F2FC /* pokemon.ttf */; };
		908903D51EF62F440058F2FC /* music.mp3 in Resources */ = {isa = PBXBuildFile; fileRef = 908903D41EF62F440058F2FC /* music.mp3 */; };
		908903D71EF6F4FA0058F2FC /* PokeSearchBar.swift in Sources */ = {isa = PBXBuildFile; fileRef = 908903D61EF6F4FA0058F2FC /* PokeSearchBar.swift */; };
/* End PBXBuildFile section */

/* Begin PBXFileReference section */
		046FE208648315E587AA8E95 /* Pods-Pokedex.release.xcconfig */ = {isa = PBXFileReference; includeInIndex = 1; lastKnownFileType = text.xcconfig; name = "Pods-Pokedex.release.xcconfig"; path = "Pods/Target Support Files/Pods-Pokedex/Pods-Pokedex.release.xcconfig"; sourceTree = "<group>"; };
		50959F4171F375EC02849B2E /* Pods-Pokedex.debug.xcconfig */ = {isa = PBXFileReference; includeInIndex = 1; lastKnownFileType = text.xcconfig; name = "Pods-Pokedex.debug.xcconfig"; path = "Pods/Target Support Files/Pods-Pokedex/Pods-Pokedex.debug.xcconfig"; sourceTree = "<group>"; };
		9019F2B91EF709D800EB7C14 /* PokemonDetailVC.swift */ = {isa = PBXFileReference; fileEncoding = 4; lastKnownFileType = sourcecode.swift; path = PokemonDetailVC.swift; sourceTree = "<group>"; };
		9019F2BB1EF71B2000EB7C14 /* PokeSegmenteControl.swift */ = {isa = PBXFileReference; fileEncoding = 4; lastKnownFileType = sourcecode.swift; path = PokeSegmenteControl.swift; sourceTree = "<group>"; };
		90388DC41F67155400E3B5D9 /* Constants.swift */ = {isa = PBXFileReference; fileEncoding = 4; lastKnownFileType = sourcecode.swift; path = Constants.swift; sourceTree = "<group>"; };
		908903AD1EF60F9B0058F2FC /* Pokedex.app */ = {isa = PBXFileReference; explicitFileType = wrapper.application; includeInIndex = 0; path = Pokedex.app; sourceTree = BUILT_PRODUCTS_DIR; };
		908903B01EF60F9B0058F2FC /* AppDelegate.swift */ = {isa = PBXFileReference; lastKnownFileType = sourcecode.swift; path = AppDelegate.swift; sourceTree = "<group>"; };
		908903B21EF60F9B0058F2FC /* PokemonVC.swift */ = {isa = PBXFileReference; lastKnownFileType = sourcecode.swift; path = PokemonVC.swift; sourceTree = "<group>"; };
		908903B51EF60F9B0058F2FC /* Base */ = {isa = PBXFileReference; lastKnownFileType = file.storyboard; name = Base; path = Base.lproj/Main.storyboard; sourceTree = "<group>"; };
		908903B81EF60F9B0058F2FC /* Pokedex.xcdatamodel */ = {isa = PBXFileReference; lastKnownFileType = wrapper.xcdatamodel; path = Pokedex.xcdatamodel; sourceTree = "<group>"; };
		908903BA1EF60F9B0058F2FC /* Assets.xcassets */ = {isa = PBXFileReference; lastKnownFileType = folder.assetcatalog; path = Assets.xcassets; sourceTree = "<group>"; };
		908903BD1EF60F9B0058F2FC /* Base */ = {isa = PBXFileReference; lastKnownFileType = file.storyboard; name = Base; path = Base.lproj/LaunchScreen.storyboard; sourceTree = "<group>"; };
		908903BF1EF60F9B0058F2FC /* Info.plist */ = {isa = PBXFileReference; lastKnownFileType = text.plist.xml; path = Info.plist; sourceTree = "<group>"; };
		908903C81EF615E30058F2FC /* Pokemon.swift */ = {isa = PBXFileReference; fileEncoding = 4; lastKnownFileType = sourcecode.swift; path = Pokemon.swift; sourceTree = "<group>"; };
		908903CA1EF61CB70058F2FC /* PokemonCell.swift */ = {isa = PBXFileReference; fileEncoding = 4; lastKnownFileType = sourcecode.swift; path = PokemonCell.swift; sourceTree = "<group>"; };
		908903CC1EF623F10058F2FC /* pokemon.csv */ = {isa = PBXFileReference; fileEncoding = 4; lastKnownFileType = text; path = pokemon.csv; sourceTree = "<group>"; };
		908903CF1EF624840058F2FC /* csv.swift */ = {isa = PBXFileReference; fileEncoding = 4; lastKnownFileType = sourcecode.swift; path = csv.swift; sourceTree = "<group>"; };
		908903D21EF62F3D0058F2FC /* pokemon.ttf */ = {isa = PBXFileReference; lastKnownFileType = file; path = pokemon.ttf; sourceTree = "<group>"; };
		908903D41EF62F440058F2FC /* music.mp3 */ = {isa = PBXFileReference; lastKnownFileType = audio.mp3; path = music.mp3; sourceTree = "<group>"; };
		908903D61EF6F4FA0058F2FC /* PokeSearchBar.swift */ = {isa = PBXFileReference; fileEncoding = 4; lastKnownFileType = sourcecode.swift; path = PokeSearchBar.swift; sourceTree = "<group>"; };
		A7C5D2656CA3AEC6A7620C99 /* Pods_Pokedex.framework */ = {isa = PBXFileReference; explicitFileType = wrapper.framework; includeInIndex = 0; path = Pods_Pokedex.framework; sourceTree = BUILT_PRODUCTS_DIR; };
/* End PBXFileReference section */

/* Begin PBXFrameworksBuildPhase section */
		908903AA1EF60F9B0058F2FC /* Frameworks */ = {
			isa = PBXFrameworksBuildPhase;
			buildActionMask = 2147483647;
			files = (
				5BBA17876675013527507B0C /* Pods_Pokedex.framework in Frameworks */,
			);
			runOnlyForDeploymentPostprocessing = 0;
		};
/* End PBXFrameworksBuildPhase section */

/* Begin PBXGroup section */
		0C45D9E8F23945953A963E2B /* Pods */ = {
			isa = PBXGroup;
			children = (
				50959F4171F375EC02849B2E /* Pods-Pokedex.debug.xcconfig */,
				046FE208648315E587AA8E95 /* Pods-Pokedex.release.xcconfig */,
			);
			name = Pods;
			sourceTree = "<group>";
		};
		908903A41EF60F9B0058F2FC = {
			isa = PBXGroup;
			children = (
				908903AF1EF60F9B0058F2FC /* Pokedex */,
				908903AE1EF60F9B0058F2FC /* Products */,
				0C45D9E8F23945953A963E2B /* Pods */,
				BEDBE2DFCB521DEBC829554C /* Frameworks */,
			);
			sourceTree = "<group>";
		};
		908903AE1EF60F9B0058F2FC /* Products */ = {
			isa = PBXGroup;
			children = (
				908903AD1EF60F9B0058F2FC /* Pokedex.app */,
			);
			name = Products;
			sourceTree = "<group>";
		};
		908903AF1EF60F9B0058F2FC /* Pokedex */ = {
			isa = PBXGroup;
			children = (
				908903D11EF62E5C0058F2FC /* Resources */,
				908903CE1EF6245C0058F2FC /* Util */,
				908903C71EF615CE0058F2FC /* Model */,
				908903C61EF615C80058F2FC /* View */,
				908903C51EF615C30058F2FC /* Controller */,
				908903B01EF60F9B0058F2FC /* AppDelegate.swift */,
				908903B41EF60F9B0058F2FC /* Main.storyboard */,
				908903BA1EF60F9B0058F2FC /* Assets.xcassets */,
				908903BC1EF60F9B0058F2FC /* LaunchScreen.storyboard */,
				908903BF1EF60F9B0058F2FC /* Info.plist */,
				908903B71EF60F9B0058F2FC /* Pokedex.xcdatamodeld */,
			);
			path = Pokedex;
			sourceTree = "<group>";
		};
		908903C51EF615C30058F2FC /* Controller */ = {
			isa = PBXGroup;
			children = (
				908903B21EF60F9B0058F2FC /* PokemonVC.swift */,
				9019F2B91EF709D800EB7C14 /* PokemonDetailVC.swift */,
			);
			name = Controller;
			sourceTree = "<group>";
		};
		908903C61EF615C80058F2FC /* View */ = {
			isa = PBXGroup;
			children = (
				908903CA1EF61CB70058F2FC /* PokemonCell.swift */,
				908903D61EF6F4FA0058F2FC /* PokeSearchBar.swift */,
				9019F2BB1EF71B2000EB7C14 /* PokeSegmenteControl.swift */,
			);
			name = View;
			sourceTree = "<group>";
		};
		908903C71EF615CE0058F2FC /* Model */ = {
			isa = PBXGroup;
			children = (
				908903C81EF615E30058F2FC /* Pokemon.swift */,
			);
			name = Model;
			sourceTree = "<group>";
		};
		908903CE1EF6245C0058F2FC /* Util */ = {
			isa = PBXGroup;
			children = (
				908903CF1EF624840058F2FC /* csv.swift */,
				90388DC41F67155400E3B5D9 /* Constants.swift */,
			);
			name = Util;
			sourceTree = "<group>";
		};
		908903D11EF62E5C0058F2FC /* Resources */ = {
			isa = PBXGroup;
			children = (
				908903CC1EF623F10058F2FC /* pokemon.csv */,
				908903D21EF62F3D0058F2FC /* pokemon.ttf */,
				908903D41EF62F440058F2FC /* music.mp3 */,
			);
			name = Resources;
			sourceTree = "<group>";
		};
		BEDBE2DFCB521DEBC829554C /* Frameworks */ = {
			isa = PBXGroup;
			children = (
				A7C5D2656CA3AEC6A7620C99 /* Pods_Pokedex.framework */,
			);
			name = Frameworks;
			sourceTree = "<group>";
		};
/* End PBXGroup section */

/* Begin PBXNativeTarget section */
		908903AC1EF60F9B0058F2FC /* Pokedex */ = {
			isa = PBXNativeTarget;
			buildConfigurationList = 908903C21EF60F9B0058F2FC /* Build configuration list for PBXNativeTarget "Pokedex" */;
			buildPhases = (
				0745191CF632530B3E713DD9 /* [CP] Check Pods Manifest.lock */,
				908903A91EF60F9B0058F2FC /* Sources */,
				908903AA1EF60F9B0058F2FC /* Frameworks */,
				908903AB1EF60F9B0058F2FC /* Resources */,
				0B5EFEB4C26E0046C8D7259F /* [CP] Embed Pods Frameworks */,
				D6D94DE825F775B2D1A741A4 /* [CP] Copy Pods Resources */,
			);
			buildRules = (
			);
			dependencies = (
			);
			name = Pokedex;
			productName = Pokedex;
			productReference = 908903AD1EF60F9B0058F2FC /* Pokedex.app */;
			productType = "com.apple.product-type.application";
		};
/* End PBXNativeTarget section */

/* Begin PBXProject section */
		908903A51EF60F9B0058F2FC /* Project object */ = {
			isa = PBXProject;
			attributes = {
				LastSwiftUpdateCheck = 0830;
				LastUpgradeCheck = 0830;
				ORGANIZATIONNAME = Specialist;
				TargetAttributes = {
					908903AC1EF60F9B0058F2FC = {
						CreatedOnToolsVersion = 8.3.3;
						DevelopmentTeam = PCNZSAFPQA;
						LastSwiftMigration = 0830;
						ProvisioningStyle = Automatic;
					};
				};
			};
			buildConfigurationList = 908903A81EF60F9B0058F2FC /* Build configuration list for PBXProject "Pokedex" */;
			compatibilityVersion = "Xcode 3.2";
			developmentRegion = English;
			hasScannedForEncodings = 0;
			knownRegions = (
				en,
				Base,
			);
			mainGroup = 908903A41EF60F9B0058F2FC;
			productRefGroup = 908903AE1EF60F9B0058F2FC /* Products */;
			projectDirPath = "";
			projectRoot = "";
			targets = (
				908903AC1EF60F9B0058F2FC /* Pokedex */,
			);
		};
/* End PBXProject section */

/* Begin PBXResourcesBuildPhase section */
		908903AB1EF60F9B0058F2FC /* Resources */ = {
			isa = PBXResourcesBuildPhase;
			buildActionMask = 2147483647;
			files = (
				908903D31EF62F3D0058F2FC /* pokemon.ttf in Resources */,
				908903BE1EF60F9B0058F2FC /* LaunchScreen.storyboard in Resources */,
				908903D51EF62F440058F2FC /* music.mp3 in Resources */,
				908903BB1EF60F9B0058F2FC /* Assets.xcassets in Resources */,
				908903CD1EF623F10058F2FC /* pokemon.csv in Resources */,
				908903B61EF60F9B0058F2FC /* Main.storyboard in Resources */,
			);
			runOnlyForDeploymentPostprocessing = 0;
		};
/* End PBXResourcesBuildPhase section */

/* Begin PBXShellScriptBuildPhase section */
		0745191CF632530B3E713DD9 /* [CP] Check Pods Manifest.lock */ = {
			isa = PBXShellScriptBuildPhase;
			buildActionMask = 2147483647;
			files = (
			);
			inputPaths = (
			);
			name = "[CP] Check Pods Manifest.lock";
			outputPaths = (
			);
			runOnlyForDeploymentPostprocessing = 0;
			shellPath = /bin/sh;
			shellScript = "diff \"${PODS_PODFILE_DIR_PATH}/Podfile.lock\" \"${PODS_ROOT}/Manifest.lock\" > /dev/null\nif [ $? != 0 ] ; then\n    # print error to STDERR\n    echo \"error: The sandbox is not in sync with the Podfile.lock. Run 'pod install' or update your CocoaPods installation.\" >&2\n    exit 1\nfi\n";
			showEnvVarsInLog = 0;
		};
		0B5EFEB4C26E0046C8D7259F /* [CP] Embed Pods Frameworks */ = {
			isa = PBXShellScriptBuildPhase;
			buildActionMask = 2147483647;
			files = (
			);
			inputPaths = (
			);
			name = "[CP] Embed Pods Frameworks";
			outputPaths = (
			);
			runOnlyForDeploymentPostprocessing = 0;
			shellPath = /bin/sh;
			shellScript = "\"${SRCROOT}/Pods/Target Support Files/Pods-Pokedex/Pods-Pokedex-frameworks.sh\"\n";
			showEnvVarsInLog = 0;
		};
		D6D94DE825F775B2D1A741A4 /* [CP] Copy Pods Resources */ = {
			isa = PBXShellScriptBuildPhase;
			buildActionMask = 2147483647;
			files = (
			);
			inputPaths = (
			);
			name = "[CP] Copy Pods Resources";
			outputPaths = (
			);
			runOnlyForDeploymentPostprocessing = 0;
			shellPath = /bin/sh;
			shellScript = "\"${SRCROOT}/Pods/Target Support Files/Pods-Pokedex/Pods-Pokedex-resources.sh\"\n";
			showEnvVarsInLog = 0;
		};
/* End PBXShellScriptBuildPhase section */

/* Begin PBXSourcesBuildPhase section */
		908903A91EF60F9B0058F2FC /* Sources */ = {
			isa = PBXSourcesBuildPhase;
			buildActionMask = 2147483647;
			files = (
				9019F2BC1EF71B2000EB7C14 /* PokeSegmenteControl.swift in Sources */,
				908903D01EF624840058F2FC /* csv.swift in Sources */,
				908903CB1EF61CB70058F2FC /* PokemonCell.swift in Sources */,
				908903B31EF60F9B0058F2FC /* PokemonVC.swift in Sources */,
				908903C91EF615E30058F2FC /* Pokemon.swift in Sources */,
				90388DC51F67155400E3B5D9 /* Constants.swift in Sources */,
				908903B91EF60F9B0058F2FC /* Pokedex.xcdatamodeld in Sources */,
				9019F2BA1EF709D800EB7C14 /* PokemonDetailVC.swift in Sources */,
				908903B11EF60F9B0058F2FC /* AppDelegate.swift in Sources */,
				908903D71EF6F4FA0058F2FC /* PokeSearchBar.swift in Sources */,
			);
			runOnlyForDeploymentPostprocessing = 0;
		};
/* End PBXSourcesBuildPhase section */

/* Begin PBXVariantGroup section */
		908903B41EF60F9B0058F2FC /* Main.storyboard */ = {
			isa = PBXVariantGroup;
			children = (
				908903B51EF60F9B0058F2FC /* Base */,
			);
			name = Main.storyboard;
			sourceTree = "<group>";
		};
		908903BC1EF60F9B0058F2FC /* LaunchScreen.storyboard */ = {
			isa = PBXVariantGroup;
			children = (
				908903BD1EF60F9B0058F2FC /* Base */,
			);
			name = LaunchScreen.storyboard;
			sourceTree = "<group>";
		};
/* End PBXVariantGroup section */

/* Begin XCBuildConfiguration section */
		908903C01EF60F9B0058F2FC /* Debug */ = {
			isa = XCBuildConfiguration;
			buildSettings = {
				ALWAYS_SEARCH_USER_PATHS = NO;
				CLANG_ANALYZER_NONNULL = YES;
				CLANG_ANALYZER_NUMBER_OBJECT_CONVERSION = YES_AGGRESSIVE;
				CLANG_CXX_LANGUAGE_STANDARD = "gnu++0x";
				CLANG_CXX_LIBRARY = "libc++";
				CLANG_ENABLE_MODULES = YES;
				CLANG_ENABLE_OBJC_ARC = YES;
				CLANG_WARN_BOOL_CONVERSION = YES;
				CLANG_WARN_CONSTANT_CONVERSION = YES;
				CLANG_WARN_DIRECT_OBJC_ISA_USAGE = YES_ERROR;
				CLANG_WARN_DOCUMENTATION_COMMENTS = YES;
				CLANG_WARN_EMPTY_BODY = YES;
				CLANG_WARN_ENUM_CONVERSION = YES;
				CLANG_WARN_INFINITE_RECURSION = YES;
				CLANG_WARN_INT_CONVERSION = YES;
				CLANG_WARN_OBJC_ROOT_CLASS = YES_ERROR;
				CLANG_WARN_SUSPICIOUS_MOVE = YES;
				CLANG_WARN_UNREACHABLE_CODE = YES;
				CLANG_WARN__DUPLICATE_METHOD_MATCH = YES;
				"CODE_SIGN_IDENTITY[sdk=iphoneos*]" = "iPhone Developer";
				COPY_PHASE_STRIP = NO;
				DEBUG_INFORMATION_FORMAT = dwarf;
				ENABLE_STRICT_OBJC_MSGSEND = YES;
				ENABLE_TESTABILITY = YES;
				GCC_C_LANGUAGE_STANDARD = gnu99;
				GCC_DYNAMIC_NO_PIC = NO;
				GCC_NO_COMMON_BLOCKS = YES;
				GCC_OPTIMIZATION_LEVEL = 0;
				GCC_PREPROCESSOR_DEFINITIONS = (
					"DEBUG=1",
					"$(inherited)",
				);
				GCC_WARN_64_TO_32_BIT_CONVERSION = YES;
				GCC_WARN_ABOUT_RETURN_TYPE = YES_ERROR;
				GCC_WARN_UNDECLARED_SELECTOR = YES;
				GCC_WARN_UNINITIALIZED_AUTOS = YES_AGGRESSIVE;
				GCC_WARN_UNUSED_FUNCTION = YES;
				GCC_WARN_UNUSED_VARIABLE = YES;
				IPHONEOS_DEPLOYMENT_TARGET = 10.3;
				MTL_ENABLE_DEBUG_INFO = YES;
				ONLY_ACTIVE_ARCH = YES;
				SDKROOT = iphoneos;
				SWIFT_ACTIVE_COMPILATION_CONDITIONS = DEBUG;
				SWIFT_OPTIMIZATION_LEVEL = "-Onone";
				TARGETED_DEVICE_FAMILY = "1,2";
			};
			name = Debug;
		};
		908903C11EF60F9B0058F2FC /* Release */ = {
			isa = XCBuildConfiguration;
			buildSettings = {
				ALWAYS_SEARCH_USER_PATHS = NO;
				CLANG_ANALYZER_NONNULL = YES;
				CLANG_ANALYZER_NUMBER_OBJECT_CONVERSION = YES_AGGRESSIVE;
				CLANG_CXX_LANGUAGE_STANDARD = "gnu++0x";
				CLANG_CXX_LIBRARY = "libc++";
				CLANG_ENABLE_MODULES = YES;
				CLANG_ENABLE_OBJC_ARC = YES;
				CLANG_WARN_BOOL_CONVERSION = YES;
				CLANG_WARN_CONSTANT_CONVERSION = YES;
				CLANG_WARN_DIRECT_OBJC_ISA_USAGE = YES_ERROR;
				CLANG_WARN_DOCUMENTATION_COMMENTS = YES;
				CLANG_WARN_EMPTY_BODY = YES;
				CLANG_WARN_ENUM_CONVERSION = YES;
				CLANG_WARN_INFINITE_RECURSION = YES;
				CLANG_WARN_INT_CONVERSION = YES;
				CLANG_WARN_OBJC_ROOT_CLASS = YES_ERROR;
				CLANG_WARN_SUSPICIOUS_MOVE = YES;
				CLANG_WARN_UNREACHABLE_CODE = YES;
				CLANG_WARN__DUPLICATE_METHOD_MATCH = YES;
				"CODE_SIGN_IDENTITY[sdk=iphoneos*]" = "iPhone Developer";
				COPY_PHASE_STRIP = NO;
				DEBUG_INFORMATION_FORMAT = "dwarf-with-dsym";
				ENABLE_NS_ASSERTIONS = NO;
				ENABLE_STRICT_OBJC_MSGSEND = YES;
				GCC_C_LANGUAGE_STANDARD = gnu99;
				GCC_NO_COMMON_BLOCKS = YES;
				GCC_WARN_64_TO_32_BIT_CONVERSION = YES;
				GCC_WARN_ABOUT_RETURN_TYPE = YES_ERROR;
				GCC_WARN_UNDECLARED_SELECTOR = YES;
				GCC_WARN_UNINITIALIZED_AUTOS = YES_AGGRESSIVE;
				GCC_WARN_UNUSED_FUNCTION = YES;
				GCC_WARN_UNUSED_VARIABLE = YES;
				IPHONEOS_DEPLOYMENT_TARGET = 10.3;
				MTL_ENABLE_DEBUG_INFO = NO;
				SDKROOT = iphoneos;
				SWIFT_OPTIMIZATION_LEVEL = "-Owholemodule";
				TARGETED_DEVICE_FAMILY = "1,2";
				VALIDATE_PRODUCT = YES;
			};
			name = Release;
		};
		908903C31EF60F9B0058F2FC /* Debug */ = {
			isa = XCBuildConfiguration;
			baseConfigurationReference = 50959F4171F375EC02849B2E /* Pods-Pokedex.debug.xcconfig */;
			buildSettings = {
				ASSETCATALOG_COMPILER_APPICON_NAME = AppIcon;
				DEVELOPMENT_TEAM = PCNZSAFPQA;
				INFOPLIST_FILE = Pokedex/Info.plist;
				LD_RUNPATH_SEARCH_PATHS = "$(inherited) @executable_path/Frameworks";
				PRODUCT_BUNDLE_IDENTIFIER = com.Specialist.Dev.Pokedex;
				PRODUCT_NAME = "$(TARGET_NAME)";
				SWIFT_VERSION = 3.0;
			};
			name = Debug;
		};
		908903C41EF60F9B0058F2FC /* Release */ = {
			isa = XCBuildConfiguration;
			baseConfigurationReference = 046FE208648315E587AA8E95 /* Pods-Pokedex.release.xcconfig */;
			buildSettings = {
				ASSETCATALOG_COMPILER_APPICON_NAME = AppIcon;
				DEVELOPMENT_TEAM = PCNZSAFPQA;
				INFOPLIST_FILE = Pokedex/Info.plist;
				LD_RUNPATH_SEARCH_PATHS = "$(inherited) @executable_path/Frameworks";
				PRODUCT_BUNDLE_IDENTIFIER = com.Specialist.Dev.Pokedex;
				PRODUCT_NAME = "$(TARGET_NAME)";
				SWIFT_VERSION = 3.0;
			};
			name = Release;
		};
/* End XCBuildConfiguration section */

/* Begin XCConfigurationList section */
		908903A81EF60F9B0058F2FC /* Build configuration list for PBXProject "Pokedex" */ = {
			isa = XCConfigurationList;
			buildConfigurations = (
				908903C01EF60F9B0058F2FC /* Debug */,
				908903C11EF60F9B0058F2FC /* Release */,
			);
			defaultConfigurationIsVisible = 0;
			defaultConfigurationName = Release;
		};
		908903C21EF60F9B0058F2FC /* Build configuration list for PBXNativeTarget "Pokedex" */ = {
			isa = XCConfigurationList;
			buildConfigurations = (
				908903C31EF60F9B0058F2FC /* Debug */,
				908903C41EF60F9B0058F2FC /* Release */,
			);
			defaultConfigurationIsVisible = 0;
			defaultConfigurationName = Release;
		};
/* End XCConfigurationList section */

/* Begin XCVersionGroup section */
		908903B71EF60F9B0058F2FC /* Pokedex.xcdatamodeld */ = {
			isa = XCVersionGroup;
			children = (
				908903B81EF60F9B0058F2FC /* Pokedex.xcdatamodel */,
			);
			currentVersion = 908903B81EF60F9B0058F2FC /* Pokedex.xcdatamodel */;
			path = Pokedex.xcdatamodeld;
			sourceTree = "<group>";
			versionGroupType = wrapper.xcdatamodel;
		};
/* End XCVersionGroup section */
	};
	rootObject = 908903A51EF60F9B0058F2FC /* Project object */;
}
